# THIS IS AN AUTOGENERATED FILE. DO NOT EDIT THIS FILE DIRECTLY.
# yarn lockfile v1


depd@^2.0.0:
    version "2.0.0"
    resolved "https://registry.yarnpkg.com/depd/-/depd-2.0.0.tgz#b696163cc757560d09cf22cc8fad1571b79e76df"
    integrity sha512-g7nH6P6dyDioJogAAGprGpCtVImJhkHkst9GbYOkCfKSMpXGVvokat2E8j5c0S0q1P0Y7Z6RlpKIxfWGcp/4fw==

ms@^2.1.3:
    version "2.1.3"
    resolved "https://registry.yarnpkg.com/ms/-/ms-2.1.3.tgz#574c8138ce1d2b5861f0b44579dbadd60c6615b2"
    integrity sha512-6FlzubTLZG3J2a/NVCAleEhjzq5oxgHyaCU9yYXvcLsVVw6Qy6/M+cSyZDJhGAVoS1CNDaMhVTDcLP06bIXw==

prettier@^3.0.0:
    version "3.4.2"
    resolved "https://registry.yarnpkg.com/prettier/-/prettier-3.4.2.tgz#a5ce1fb522a588b4b2b0d2add8e3bff73d4af07c"
    integrity sha512-e9MewbtFo+Fevyuxn/4rrcDAaq0IYxPGLvII5cOKcLnMRiHbjfKsY/l/K+tQvPwMgE1HSL/RMBiBv4RE7/oIDg==
